#
# This file is autogenerated by pip-compile with Python 3.12
# by the following command:
#
#    pip-compile --allow-unsafe --generate-hashes --output-file=skills/blog-notebooklm/scripts/requirements.lock --strip-extras skills/blog-notebooklm/scripts/requirements.txt
#
greenlet==3.5.0 \
    --hash=sha256:0ecec963079cd58cbd14723582384f11f166fd58883c15dcbfb342e0bc9b5846 \
    --hash=sha256:0ed006e4b86c59de7467eb2601cd1b77b5a7d657d1ee55e30fe30d76451edba4 \
    --hash=sha256:0ff251e9a0279522e62f6176412869395a64ddf2b5c5f782ff609a8216a4e662 \
    --hash=sha256:1aa4ce8debcd4ea7fb2e150f3036588c41493d1d52c43538924ae1819003f4ce \
    --hash=sha256:1bae92a1dd94c5f9d9493c3a212dd874c202442047cf96446412c862feca83a2 \
    --hash=sha256:1eb67d5adefb5bd2e182d42678a328979a209e4e82eb93575708185d31d1f588 \
    --hash=sha256:2094acd54b272cb6eae8c03dd87b3fa1820a4cef18d6889c378d503500a1dc13 \
    --hash=sha256:2628d6c86f6cb0cb45e0c3c54058bbec559f57eaae699447748cb3928150577e \
    --hash=sha256:29ea813b2e1f45fa9649a17853b2b5465c4072fbcb072e5af6cd3a288216574a \
    --hash=sha256:362624e6a8e5bca3b8233e45eef33903a100e9539a2b995c364d595dbc4018b3 \
    --hash=sha256:3a717fbc46d8a354fa675f7c1e813485b6ba3885f9bef0cd56e5ba27d758ff5b \
    --hash=sha256:3bc59be3945ae9750b9e7d45067d01ae3fe90ea5f9ade99239dabdd6e28a5033 \
    --hash=sha256:3ec9ea74e7268ace7f9aab1b1a4e730193fc661b39a993cd91c606c32d4a3628 \
    --hash=sha256:41353ec2ecedf7aa8f682753a41919f8718031a6edac46b8d3dc7ed9e1ceb136 \
    --hash=sha256:47422135b1d308c14b2c6e758beedb1acd33bb91679f5670edf77bf46244722b \
    --hash=sha256:4964101b8585c144cbda5532b1aa644255126c08a265dae90c16e7a0e63aaa9d \
    --hash=sha256:4a448128607be0de65342dc9b31be7f948ef4cc0bc8832069350abefd310a8f2 \
    --hash=sha256:4b28037cb07768933c54d81bfe47a85f9f402f57d7d69743b991a713b63954eb \
    --hash=sha256:4d0eadc7e4d9ffb2af4247b606cae307be8e448911e5a0d0b16d72fc3d224cfd \
    --hash=sha256:54d243512da35485fc7a6bf3c178fdda6327a9d6506fcdd62b1abd1e41b2927b \
    --hash=sha256:55fa7ea52771be44af0de27d8b80c02cd18c2c3cddde6c847ecebdf72418b6a1 \
    --hash=sha256:57a43c6079a89713522bc4bcb9f75070ecf5d3dbad7792bfe42239362cbf2a16 \
    --hash=sha256:58c1c374fe2b3d852f9b6b11a7dff4c85404e51b9a596fd9e89cf904eb09866d \
    --hash=sha256:5a5ed18de6a0f6cc7087f1563f6bd93fc7df1c19165ca01e9bde5a5dc281d106 \
    --hash=sha256:5e05ba267789ea87b5a155cf0e810b1ab88bf18e9e8740813945ceb8ee4350ba \
    --hash=sha256:5ecd83806b0f4c2f53b1018e0005cd82269ea01d42befc0368730028d850ed1c \
    --hash=sha256:64d6ac45f7271f48e45f67c95b54ef73534c52ec041fcda8edf520c6d811f4bc \
    --hash=sha256:680bd0e7ad5e8daa8a4aa89f68fd6adc834b8a8036dc256533f7e08f4a4b01f7 \
    --hash=sha256:6c18dfb59c70f5a94acd271c72e90128c3c776e41e5f07767908c8c1b74ad339 \
    --hash=sha256:6d874e79afd41a96e11ff4c5d0bc90a80973e476fda1c2c64985667397df432b \
    --hash=sha256:7022615368890680e67b9965d33f5773aade330d5343bbe25560135aaa849eae \
    --hash=sha256:703cb211b820dbffbbc55a16bfc6e4583a6e6e990f33a119d2cc8b83211119c8 \
    --hash=sha256:728a73687e39ae9ca34e4694cbf2f049d3fbc7174639468d0f67200a97d8f9e2 \
    --hash=sha256:728d9667d8f2f586644b748dbd9bb67e50d6a9381767d1357714ea6825bb3bf5 \
    --hash=sha256:762612baf1161ccb8437c0161c668a688223cba28e1bf038f4eb47b13e39ccdf \
    --hash=sha256:7fc391b1566f2907d17aaebe78f8855dc45675159a775fcf9e61f8ee0078e87f \
    --hash=sha256:804a70b328e706b785c6ef16187051c394a63dd1a906d89be24b6ad77759f13f \
    --hash=sha256:83ed9f27f1680b50e89f40f6df348a290ea234b249a4003d366663a12eab94f2 \
    --hash=sha256:884f649de075b84739713d41dd4dfd41e2b910bfb769c4a3ea02ec1da52cd9bb \
    --hash=sha256:8f1cc966c126639cd152fdaa52624d2655f492faa79e013fea161de3e6dda082 \
    --hash=sha256:8f52a464e4ed91780bdfbbdd2b97197f3accaa629b98c200f4dffada759f3ae7 \
    --hash=sha256:9c615f869163e14bb1ced20322d8038fb680b08236521ac3f30cd4c1288785a0 \
    --hash=sha256:9d280a7f5c331622c69f97eb167f33577ff2d1df282c41cd15907fc0a3ca198c \
    --hash=sha256:a10a732421ab4fec934783ce3e54763470d0181db6e3468f9103a275c3ed1853 \
    --hash=sha256:a96fcee45e03fe30a62669fd16ab5c9d3c172660d3085605cb1e2d1280d3c988 \
    --hash=sha256:a97e4821aa710603f94de0da25f25096454d78ffdace5dc77f3a006bc01abba3 \
    --hash=sha256:ba8f0bdc2fae6ce915dfd0c16d2d00bca7e4247c1eae4416e06430e522137858 \
    --hash=sha256:bf2d8a80bec89ab46221ae45c5373d5ba0bd36c19aa8508e85c6cd7e5106cd37 \
    --hash=sha256:cda05425526240807408156b6960a17a79a0c760b813573b67027823be760977 \
    --hash=sha256:d419647372241bc68e957bf38d5c1f98852155e4146bd1e4121adea81f4f01e4 \
    --hash=sha256:d4d9f0624c775f2dfc56ba54d515a8c771044346852a918b405914f6b19d7fd8 \
    --hash=sha256:d60097128cb0a1cab9ea541186ea13cd7b847b8449a7787c2e2350da0cb82d86 \
    --hash=sha256:db2910d3c809444e0a20147361f343fe2798e106af8d9d8506f5305302655a9f \
    --hash=sha256:ddb36c7d6c9c0a65f18c7258634e0c416c6ab59caac8c987b96f80c2ebda0112 \
    --hash=sha256:ddc090c5c1792b10246a78e8c2163ebbe04cf877f9d785c230a7b27b39ad038e \
    --hash=sha256:e5ddf316ced87539144621453c3aef229575825fe60c604e62bedc4003f372b2 \
    --hash=sha256:f35807464c4c58c55f0d31dfa83c541a5615d825c2fe3d2b95360cf7c4e3c0a8 \
    --hash=sha256:f8c30c2225f40dd76c50790f0eb3b5c7c18431efb299e2782083e1981feed243 \
    --hash=sha256:fa94cb2288681e3a11645958f1871d48ee9211bd2f66628fdace505927d6e564
    # via patchright
patchright==1.55.2 \
    --hash=sha256:329c6c94e19181d59cb3fdfb126ea1156b218f57450bdca1eba3d0e98f8ccc45 \
    --hash=sha256:64d10d3ef080acfed63b27b94106b380d85ec3d2577154ca1a5853d453451f3d \
    --hash=sha256:7018eb12650077e87d8608fa3d0523f2328997c3973407cfa993014b254a705c \
    --hash=sha256:8771ec426f8b19098426b00322043d93127490ff15a639933baed37bdafd75d5 \
    --hash=sha256:8e0f3f3d1cff7e31f93d1725af35748e6ab77899244e5764a56450bcc52d9ef8 \
    --hash=sha256:9f4ee976895a7083a253de1bfabfa36801e719800a7e98c39f7535924ba1c8b1 \
    --hash=sha256:b4e36ec235f4a4e5845763327f6dd552866f96ab7fedda121d89ea95b62386d2 \
    --hash=sha256:f9f5b7a386f18357c567905aaf4f26bb58b9c1d54f2f13e727a69be5fd06ef39
    # via -r skills/blog-notebooklm/scripts/requirements.txt
pyee==13.0.1 \
    --hash=sha256:0b931f7c14535667ed4c7e0d531716368715e860b988770fc7eb8578d1f67fc8 \
    --hash=sha256:af2f8fede4171ef667dfded53f96e2ed0d6e6bd7ee3bb46437f77e3b57689228
    # via patchright
python-dotenv==1.0.0 \
    --hash=sha256:a8df96034aae6d2d50a4ebe8216326c61c3eb64836776504fcca410e5937a3ba \
    --hash=sha256:f5971a9226b701070a4bf2c38c89e5a3f0d64de8debda981d1db98583009122a
    # via -r skills/blog-notebooklm/scripts/requirements.txt
typing-extensions==4.15.0 \
    --hash=sha256:0cea48d173cc12fa28ecabc3b837ea3cf6f38c6d1136f85cbaaf598984861466 \
    --hash=sha256:f0fa19c6845758ab08074a0cfa8b7aecb71c999ca73d62883bc25cc018c4e548
    # via pyee
